
Microsoft Visual Studio Solution File, Format Version 12.00
# Visual Studio Version 16
VisualStudioVersion = 16.0.32126.315
MinimumVisualStudioVersion = 10.0.40219.1
Project("{FAE04EC0-301F-11D3-BF4B-00C04F79EFBC}") = "BattleshipLiteLibrary", "BattleshipLiteLibrary\BattleshipLiteLibrary.csproj", "{DB776EF6-543D-43B6-BDAD-8C96FA65F4B0}"
EndProject
Project("{FAE04EC0-301F-11D3-BF4B-00C04F79EFBC}") = "BattelshipLite", "BattelshipLite\BattelshipLite.csproj", "{D74D30D6-00A5-47CC-BDA9-B5BB4559EFA2}"
EndProject
Global
	GlobalSection(SolutionConfigurationPlatforms) = preSolution
		Debug|Any CPU = Debug|Any CPU
		Release|Any CPU = Release|Any CPU
	EndGlobalSection
	GlobalSection(ProjectConfigurationPlatforms) = postSolution
		{DB776EF6-543D-43B6-BDAD-8C96FA65F4B0}.Debug|Any CPU.ActiveCfg = Debug|Any CPU
		{DB776EF6-543D-43B6-BDAD-8C96FA65F4B0}.Debug|Any CPU.Build.0 = Debug|Any CPU
		{DB776EF6-543D-43B6-BDAD-8C96FA65F4B0}.Release|Any CPU.ActiveCfg = Release|Any CPU
		{DB776EF6-543D-43B6-BDAD-8C96FA65F4B0}.Release|Any CPU.Build.0 = Release|Any CPU
		{D74D30D6-00A5-47CC-BDA9-B5BB4559EFA2}.Debug|Any CPU.ActiveCfg = Debug|Any CPU
		{D74D30D6-00A5-47CC-BDA9-B5BB4559EFA2}.Debug|Any CPU.Build.0 = Debug|Any CPU
		{D74D30D6-00A5-47CC-BDA9-B5BB4559EFA2}.Release|Any CPU.ActiveCfg = Release|Any CPU
		{D74D30D6-00A5-47CC-BDA9-B5BB4559EFA2}.Release|Any CPU.Build.0 = Release|Any CPU
	EndGlobalSection
	GlobalSection(SolutionProperties) = preSolution
		HideSolutionNode = FALSE
	EndGlobalSection
	GlobalSection(ExtensibilityGlobals) = postSolution
		SolutionGuid = {0D5CCB34-9A5E-4140-A4B1-849F03637F4B}
	EndGlobalSection
EndGlobal
